
Microsoft Visual Studio Solution File, Format Version 12.00
# Visual Studio Version 17
VisualStudioVersion = 17.14.36518.9 d17.14
MinimumVisualStudioVersion = 10.0.40219.1
Project("{FAE04EC0-301F-11D3-BF4B-00C04F79EFBC}") = "OnlineStore.Domain", "OnlineStore.Domain\OnlineStore.Domain.csproj", "{D09BB0F3-1E35-4275-A0AE-58E0611E21FE}"
EndProject
Project("{FAE04EC0-301F-11D3-BF4B-00C04F79EFBC}") = "OnlineStore.Infrastructure", "OnlineStore.Infrastructure\OnlineStore.Infrastructure.csproj", "{52B76439-E21D-4ADE-873A-FD0A606EC9F7}"
EndProject
Project("{FAE04EC0-301F-11D3-BF4B-00C04F79EFBC}") = "OnlineStore.Application", "OnlineStore.Application\OnlineStore.Application.csproj", "{6C16F845-7DA6-4A18-92A5-59008C9E0064}"
EndProject
Project("{FAE04EC0-301F-11D3-BF4B-00C04F79EFBC}") = "OnlineStore.Presentation", "OnlineStore.Presentation\OnlineStore.Presentation.csproj", "{30709F5B-3737-4D36-9191-3C8D8FC28787}"
EndProject
Global
	GlobalSection(SolutionConfigurationPlatforms) = preSolution
		Debug|Any CPU = Debug|Any CPU
		Release|Any CPU = Release|Any CPU
	EndGlobalSection
	GlobalSection(ProjectConfigurationPlatforms) = postSolution
		{D09BB0F3-1E35-4275-A0AE-58E0611E21FE}.Debug|Any CPU.ActiveCfg = Debug|Any CPU
		{D09BB0F3-1E35-4275-A0AE-58E0611E21FE}.Debug|Any CPU.Build.0 = Debug|Any CPU
		{D09BB0F3-1E35-4275-A0AE-58E0611E21FE}.Release|Any CPU.ActiveCfg = Release|Any CPU
		{D09BB0F3-1E35-4275-A0AE-58E0611E21FE}.Release|Any CPU.Build.0 = Release|Any CPU
		{52B76439-E21D-4ADE-873A-FD0A606EC9F7}.Debug|Any CPU.ActiveCfg = Debug|Any CPU
		{52B76439-E21D-4ADE-873A-FD0A606EC9F7}.Debug|Any CPU.Build.0 = Debug|Any CPU
		{52B76439-E21D-4ADE-873A-FD0A606EC9F7}.Release|Any CPU.ActiveCfg = Release|Any CPU
		{52B76439-E21D-4ADE-873A-FD0A606EC9F7}.Release|Any CPU.Build.0 = Release|Any CPU
		{6C16F845-7DA6-4A18-92A5-59008C9E0064}.Debug|Any CPU.ActiveCfg = Debug|Any CPU
		{6C16F845-7DA6-4A18-92A5-59008C9E0064}.Debug|Any CPU.Build.0 = Debug|Any CPU
		{6C16F845-7DA6-4A18-92A5-59008C9E0064}.Release|Any CPU.ActiveCfg = Release|Any CPU
		{6C16F845-7DA6-4A18-92A5-59008C9E0064}.Release|Any CPU.Build.0 = Release|Any CPU
		{30709F5B-3737-4D36-9191-3C8D8FC28787}.Debug|Any CPU.ActiveCfg = Debug|Any CPU
		{30709F5B-3737-4D36-9191-3C8D8FC28787}.Debug|Any CPU.Build.0 = Debug|Any CPU
		{30709F5B-3737-4D36-9191-3C8D8FC28787}.Release|Any CPU.ActiveCfg = Release|Any CPU
		{30709F5B-3737-4D36-9191-3C8D8FC28787}.Release|Any CPU.Build.0 = Release|Any CPU
	EndGlobalSection
	GlobalSection(SolutionProperties) = preSolution
		HideSolutionNode = FALSE
	EndGlobalSection
	GlobalSection(ExtensibilityGlobals) = postSolution
		SolutionGuid = {859799BB-35CB-492C-B80C-3D4E271295C0}
	EndGlobalSection
EndGlobal
